
Microsoft Visual Studio Solution File, Format Version 12.00
Project("{FAE04EC0-301F-11D3-BF4B-00C04F79EFBC}") = "WF_Pract15", "WF_Pract15\WF_Pract15.csproj", "{76E5D426-1BAD-490D-AF4F-B2DB95816DA7}"
EndProject
Project("{FAE04EC0-301F-11D3-BF4B-00C04F79EFBC}") = "Ind2_Console", "Ind2_Console\Ind2_Console.csproj", "{7F93B2E0-1AED-40E6-BF0A-BF2672CBADF7}"
EndProject
Global
	GlobalSection(SolutionConfigurationPlatforms) = preSolution
		Debug|Any CPU = Debug|Any CPU
		Release|Any CPU = Release|Any CPU
	EndGlobalSection
	GlobalSection(ProjectConfigurationPlatforms) = postSolution
		{76E5D426-1BAD-490D-AF4F-B2DB95816DA7}.Debug|Any CPU.ActiveCfg = Debug|Any CPU
		{76E5D426-1BAD-490D-AF4F-B2DB95816DA7}.Debug|Any CPU.Build.0 = Debug|Any CPU
		{76E5D426-1BAD-490D-AF4F-B2DB95816DA7}.Release|Any CPU.ActiveCfg = Release|Any CPU
		{76E5D426-1BAD-490D-AF4F-B2DB95816DA7}.Release|Any CPU.Build.0 = Release|Any CPU
		{7F93B2E0-1AED-40E6-BF0A-BF2672CBADF7}.Debug|Any CPU.ActiveCfg = Debug|Any CPU
		{7F93B2E0-1AED-40E6-BF0A-BF2672CBADF7}.Debug|Any CPU.Build.0 = Debug|Any CPU
		{7F93B2E0-1AED-40E6-BF0A-BF2672CBADF7}.Release|Any CPU.ActiveCfg = Release|Any CPU
		{7F93B2E0-1AED-40E6-BF0A-BF2672CBADF7}.Release|Any CPU.Build.0 = Release|Any CPU
	EndGlobalSection
EndGlobal
